
Microsoft Visual Studio Solution File, Format Version 12.00
# Visual Studio Version 16
VisualStudioVersion = 16.0.29911.84
MinimumVisualStudioVersion = 10.0.40219.1
Project("{FAE04EC0-301F-11D3-BF4B-00C04F79EFBC}") = "HoplonPassport", "HoplonPassport\HoplonPassport.csproj", "{858E7BAC-97B4-430B-AE80-03C01278B986}"
EndProject
Project("{2150E333-8FDC-42A3-9474-1A3956D46DE8}") = "Solution Items", "Solution Items", "{7F55F498-DDB3-4B45-A930-AD4D8BDF137B}"
EndProject
Project("{FAE04EC0-301F-11D3-BF4B-00C04F79EFBC}") = "HoplonPassport.UnitTests", "HoplonPassport.UnitTests\HoplonPassport.UnitTests.csproj", "{8B90BD3E-644E-4759-A8EA-03C7B4C3CAD6}"
EndProject
Global
	GlobalSection(SolutionConfigurationPlatforms) = preSolution
		Debug|Any CPU = Debug|Any CPU
		Release|Any CPU = Release|Any CPU
	EndGlobalSection
	GlobalSection(ProjectConfigurationPlatforms) = postSolution
		{858E7BAC-97B4-430B-AE80-03C01278B986}.Debug|Any CPU.ActiveCfg = Debug|Any CPU
		{858E7BAC-97B4-430B-AE80-03C01278B986}.Debug|Any CPU.Build.0 = Debug|Any CPU
		{858E7BAC-97B4-430B-AE80-03C01278B986}.Release|Any CPU.ActiveCfg = Release|Any CPU
		{858E7BAC-97B4-430B-AE80-03C01278B986}.Release|Any CPU.Build.0 = Release|Any CPU
		{8B90BD3E-644E-4759-A8EA-03C7B4C3CAD6}.Debug|Any CPU.ActiveCfg = Debug|Any CPU
		{8B90BD3E-644E-4759-A8EA-03C7B4C3CAD6}.Debug|Any CPU.Build.0 = Debug|Any CPU
		{8B90BD3E-644E-4759-A8EA-03C7B4C3CAD6}.Release|Any CPU.ActiveCfg = Release|Any CPU
		{8B90BD3E-644E-4759-A8EA-03C7B4C3CAD6}.Release|Any CPU.Build.0 = Release|Any CPU
	EndGlobalSection
	GlobalSection(SolutionProperties) = preSolution
		HideSolutionNode = FALSE
	EndGlobalSection
	GlobalSection(ExtensibilityGlobals) = postSolution
		SolutionGuid = {7BF05B8E-8974-4D89-A89D-C9FDC83E87A5}
	EndGlobalSection
EndGlobal
